# This file was autogenerated by Stack.
# You should not edit this file by hand.
# For more information, please see the documentation at:
#   https://docs.haskellstack.org/en/stable/lock_files

packages:
- completed:
    size: 105064
    url: https://github.com/haskell-game-archives/missingh/archive/a3895c0e6f663432163489d077abe26d9c066aa2.tar.gz
    name: MissingH
    version: 1.4.4.0
    sha256: e403e4f7572c5dee7624960d4267071eb19e655d7fbc06ed4e9f9c573e9cf6be
    pantry-tree:
      size: 5363
      sha256: bcb52feda2236c3fdad04c5b5ade44471d4b7acbad9a65c0b14dd1576e793299
  original:
    url: https://github.com/haskell-game-archives/missingh/archive/a3895c0e6f663432163489d077abe26d9c066aa2.tar.gz
- completed:
    hackage: IfElse-0.85@sha256:6939b94acc6a55f545f63a168a349dd2fbe4b9a7cca73bf60282db5cc6aa47d2,445
    pantry-tree:
      size: 213
      sha256: 4efed7ab11ec6d794c7e56eb76216363c51c4c084d9a616917fc025a1151cd65
  original:
    hackage: IfElse-0.85@sha256:6939b94acc6a55f545f63a168a349dd2fbe4b9a7cca73bf60282db5cc6aa47d2,445
- completed:
    hackage: SDL-0.6.7.0@sha256:9d6ba75c0cab575ec38468c8277803983e985f9622437aeca6a53e6a7337a7d5,2045
    pantry-tree:
      size: 1942
      sha256: c533e2572ee2ed4d48f8f0fa60efed32ff5eb5ab618fc8f72fdfa7321d186afc
  original:
    hackage: SDL-0.6.7.0@sha256:9d6ba75c0cab575ec38468c8277803983e985f9622437aeca6a53e6a7337a7d5,2045
- completed:
    hackage: SDL-image-0.6.2.0@sha256:49234fd721f63969b461ffd94d73c163d82444c3716ef575b2a725aaac29ade6,1216
    pantry-tree:
      size: 664
      sha256: 6472bca9d375d8ea0ab1ba18b092561395476531c1eba7d5f8f54df8261418ac
  original:
    hackage: SDL-image-0.6.2.0@sha256:49234fd721f63969b461ffd94d73c163d82444c3716ef575b2a725aaac29ade6,1216
- completed:
    hackage: SDL-mixer-0.6.3.0@sha256:6930c085358ed634866fc14b53400220e54e39e3a78710083ce11221630dee73,1589
    pantry-tree:
      size: 1130
      sha256: d242118f08b3ecdd404300bea75c915b4110712e46bb69d759f1f31e1eb751a8
  original:
    hackage: SDL-mixer-0.6.3.0@sha256:6930c085358ed634866fc14b53400220e54e39e3a78710083ce11221630dee73,1589
- completed:
    hackage: SDL-ttf-0.6.3.0@sha256:e599ef3256b489071d0af6eccdc3a139ef09c09f935357a6c23766ed5ca2de45,1462
    pantry-tree:
      size: 1101
      sha256: b26110c85525bbf9f411da7211bdad94d659456d45c6e57854b8447840184455
  original:
    hackage: SDL-ttf-0.6.3.0@sha256:e599ef3256b489071d0af6eccdc3a139ef09c09f935357a6c23766ed5ca2de45,1462
- completed:
    hackage: Yampa-0.13.1@sha256:4612a2646c27bcd3ac55c90dbc34249303e28aa5b3bc3e0c6fa9ce58b889843c,5436
    pantry-tree:
      size: 4039
      sha256: 2ebdfafc0143a66132e1f790fc3909c93654ee89fbe468574c5c2a36070dc6b3
  original:
    hackage: Yampa-0.13.1@sha256:4612a2646c27bcd3ac55c90dbc34249303e28aa5b3bc3e0c6fa9ce58b889843c,5436
- completed:
    hackage: hcwiid-0.0.6.1@sha256:93b22be73478eefd1145a6775618175932145ab317c12de91d5f8fce71a682ca,1323
    pantry-tree:
      size: 413
      sha256: faf9a6dd175e8db08345c62203d4c87bf5fc4a5458b5044557bfa512f44a1210
  original:
    hackage: hcwiid-0.0.6.1@sha256:93b22be73478eefd1145a6775618175932145ab317c12de91d5f8fce71a682ca,1323
snapshots:
- completed:
    size: 540164
    url: https://raw.githubusercontent.com/commercialhaskell/stackage-snapshots/master/nightly/2021/7/4.yaml
    sha256: 195e3e9394de03e724525e210f82e30c4488f7c8a09fc70850d75d8b79332993
  original: nightly-2021-07-04
