# This file was autogenerated by Stack.
# You should not edit this file by hand.
# For more information, please see the documentation at:
#   https://docs.haskellstack.org/en/stable/lock_files

packages:
- completed:
    size: 115165
    url: https://github.com/haskell-hvr/missingh/archive/2ff460c54aba86b7f5b6413af977c7044eac559c.tar.gz
    name: MissingH
    version: 1.4.3.0
    sha256: 320e2369bc0f56da92afeb84f128f4e70373b7aab4314029521b92499303654f
    pantry-tree:
      size: 5909
      sha256: 998f08009c5f679ea6bf48561cc3116684713b7555dfdec6b950dc047e65615a
  original:
    url: https://github.com/haskell-hvr/missingh/archive/2ff460c54aba86b7f5b6413af977c7044eac559c.tar.gz
snapshots:
- completed:
    size: 531674
    url: https://raw.githubusercontent.com/commercialhaskell/stackage-snapshots/master/lts/16/2.yaml
    sha256: 4b08fb9338ca297de7ade8318f4be1216f14dff8c0426c001fb7886ee88cb84a
  original: lts-16.2
